
Microsoft Visual Studio Solution File, Format Version 12.00
# Visual Studio Version 17
VisualStudioVersion = 17.2.32616.157
MinimumVisualStudioVersion = 10.0.40219.1
Project("{FAE04EC0-301F-11D3-BF4B-00C04F79EFBC}") = "Betting app", "Betting app\Betting app.csproj", "{15D207AB-D628-42BF-ABA1-E69777586006}"
EndProject
Global
	GlobalSection(SolutionConfigurationPlatforms) = preSolution
		Debug|Any CPU = Debug|Any CPU
		Release|Any CPU = Release|Any CPU
	EndGlobalSection
	GlobalSection(ProjectConfigurationPlatforms) = postSolution
		{15D207AB-D628-42BF-ABA1-E69777586006}.Debug|Any CPU.ActiveCfg = Debug|Any CPU
		{15D207AB-D628-42BF-ABA1-E69777586006}.Debug|Any CPU.Build.0 = Debug|Any CPU
		{15D207AB-D628-42BF-ABA1-E69777586006}.Release|Any CPU.ActiveCfg = Release|Any CPU
		{15D207AB-D628-42BF-ABA1-E69777586006}.Release|Any CPU.Build.0 = Release|Any CPU
	EndGlobalSection
	GlobalSection(SolutionProperties) = preSolution
		HideSolutionNode = FALSE
	EndGlobalSection
	GlobalSection(ExtensibilityGlobals) = postSolution
		SolutionGuid = {C6D576C0-0904-4E41-AAFE-DFF67E3812E6}
	EndGlobalSection
EndGlobal
